
Microsoft Visual Studio Solution File, Format Version 12.00
# Visual Studio Version 17
VisualStudioVersion = 17.0.31903.59
MinimumVisualStudioVersion = 10.0.40219.1
Project("{FAE04EC0-301F-11D3-BF4B-00C04F79EFBC}") = "guessthenumber", "guessthenumber\guessthenumber.csproj", "{41D6AA5F-DAB5-4486-8165-263CFA8B5617}"
EndProject
Project("{FAE04EC0-301F-11D3-BF4B-00C04F79EFBC}") = "helloworld", "helloworld\helloworld.csproj", "{AE3A2469-649C-47AD-BD29-A1EAB9BEA52A}"
EndProject
Project("{FAE04EC0-301F-11D3-BF4B-00C04F79EFBC}") = "foobar", "foobar\foobar.csproj", "{CC187ADD-615B-4F00-BCD3-3E7BEC1C39FD}"
EndProject
Project("{FAE04EC0-301F-11D3-BF4B-00C04F79EFBC}") = "TurnBasedBattle", "TurnBasedBattle\TurnBasedBattle.csproj", "{01B617F5-E7B9-4BE4-A1F4-23C83A2CE36B}"
EndProject
Project("{FAE04EC0-301F-11D3-BF4B-00C04F79EFBC}") = "checkEvenNumber", "checkEvenNumber\checkEvenNumber.csproj", "{E9C10D27-CE26-4AF1-8038-275C3CC4E860}"
EndProject
Project("{FAE04EC0-301F-11D3-BF4B-00C04F79EFBC}") = "TodoApp", "TodoApp\TodoApp.csproj", "{FB790DB6-02C9-43C8-892C-A4ABF6491F65}"
EndProject
Project("{FAE04EC0-301F-11D3-BF4B-00C04F79EFBC}") = "TestingTryCatch", "TestingTryCatch\TestingTryCatch.csproj", "{9C4743F4-8EBD-4462-B0A3-E85F9A3F5C50}"
EndProject
Project("{FAE04EC0-301F-11D3-BF4B-00C04F79EFBC}") = "TestingEvents", "TestingEvents\TestingEvents.csproj", "{5C85EF10-86C6-4AEC-908A-A087FC4B01F3}"
EndProject
Project("{FAE04EC0-301F-11D3-BF4B-00C04F79EFBC}") = "TestingDelegates", "TestingDelegates\TestingDelegates.csproj", "{5DA02BE3-FDDA-440D-A515-5BA3ACFD52AB}"
EndProject
Project("{FAE04EC0-301F-11D3-BF4B-00C04F79EFBC}") = "TestingOverloadingOperator", "TestingOverloadingOperator\TestingOverloadingOperator.csproj", "{FAC07C87-6A40-485D-B527-55D600C793FA}"
EndProject
Project("{2150E333-8FDC-42A3-9474-1A3956D46DE8}") = "AdvancedReading", "AdvancedReading", "{2C40E4B3-26A0-D5FB-46C7-38D52C11C5D6}"
EndProject
Project("{2150E333-8FDC-42A3-9474-1A3956D46DE8}") = "UnitTest", "UnitTest", "{DCEE40C9-418B-E6E1-97E3-DFCAF961BF60}"
EndProject
Project("{2150E333-8FDC-42A3-9474-1A3956D46DE8}") = "src", "src", "{937F9574-87EC-2405-BB79-671EB99CF145}"
EndProject
Project("{FAE04EC0-301F-11D3-BF4B-00C04F79EFBC}") = "Calculator", "AdvancedReading\UnitTest\src\Calculator\Calculator.csproj", "{678C7BC2-511C-4069-ADC5-E675A8A4DB24}"
EndProject
Project("{2150E333-8FDC-42A3-9474-1A3956D46DE8}") = "tests", "tests", "{A2EF6961-48E1-A33F-0FF5-C819B80C93A2}"
EndProject
Project("{2150E333-8FDC-42A3-9474-1A3956D46DE8}") = "Calculator", "Calculator", "{9D268667-53BF-55C9-AAA5-8AABDFDC9A53}"
EndProject
Project("{FAE04EC0-301F-11D3-BF4B-00C04F79EFBC}") = "Calculator.Tests", "AdvancedReading\UnitTest\tests\Calculator\Calculator.Tests.csproj", "{93D288C0-9070-42A1-843D-6223A0EB0CC7}"
EndProject
Project("{2150E333-8FDC-42A3-9474-1A3956D46DE8}") = "Mocking", "Mocking", "{535C234A-74B6-7302-CA49-1236570AA88D}"
EndProject
Project("{2150E333-8FDC-42A3-9474-1A3956D46DE8}") = "tests", "tests", "{9BF0F522-4224-7957-2620-204715824C8B}"
EndProject
Project("{FAE04EC0-301F-11D3-BF4B-00C04F79EFBC}") = "Mocking.Tests", "AdvancedReading\Mocking\tests\Mocking.Tests\Mocking.Tests.csproj", "{0F2DEBE4-6820-4F2E-B4BC-335CAD70655D}"
EndProject
Project("{2150E333-8FDC-42A3-9474-1A3956D46DE8}") = "src", "src", "{DB4FC9DB-4495-4C1D-865C-F12F832EB20A}"
EndProject
Project("{FAE04EC0-301F-11D3-BF4B-00C04F79EFBC}") = "Mocking", "AdvancedReading\Mocking\src\Mocking.csproj", "{CC7800BE-9601-4170-B1FB-A145193E8370}"
EndProject
Project("{FAE04EC0-301F-11D3-BF4B-00C04F79EFBC}") = "SeriLog", "AdvancedReading\SeriLog\SeriLog.csproj", "{A590D665-7059-4CB2-B932-CECF60E836A0}"
EndProject
Global
	GlobalSection(SolutionConfigurationPlatforms) = preSolution
		Debug|Any CPU = Debug|Any CPU
		Debug|x64 = Debug|x64
		Debug|x86 = Debug|x86
		Release|Any CPU = Release|Any CPU
		Release|x64 = Release|x64
		Release|x86 = Release|x86
	EndGlobalSection
	GlobalSection(ProjectConfigurationPlatforms) = postSolution
		{41D6AA5F-DAB5-4486-8165-263CFA8B5617}.Debug|Any CPU.ActiveCfg = Debug|Any CPU
		{41D6AA5F-DAB5-4486-8165-263CFA8B5617}.Debug|Any CPU.Build.0 = Debug|Any CPU
		{41D6AA5F-DAB5-4486-8165-263CFA8B5617}.Debug|x64.ActiveCfg = Debug|Any CPU
		{41D6AA5F-DAB5-4486-8165-263CFA8B5617}.Debug|x64.Build.0 = Debug|Any CPU
		{41D6AA5F-DAB5-4486-8165-263CFA8B5617}.Debug|x86.ActiveCfg = Debug|Any CPU
		{41D6AA5F-DAB5-4486-8165-263CFA8B5617}.Debug|x86.Build.0 = Debug|Any CPU
		{41D6AA5F-DAB5-4486-8165-263CFA8B5617}.Release|Any CPU.ActiveCfg = Release|Any CPU
		{41D6AA5F-DAB5-4486-8165-263CFA8B5617}.Release|Any CPU.Build.0 = Release|Any CPU
		{41D6AA5F-DAB5-4486-8165-263CFA8B5617}.Release|x64.ActiveCfg = Release|Any CPU
		{41D6AA5F-DAB5-4486-8165-263CFA8B5617}.Release|x64.Build.0 = Release|Any CPU
		{41D6AA5F-DAB5-4486-8165-263CFA8B5617}.Release|x86.ActiveCfg = Release|Any CPU
		{41D6AA5F-DAB5-4486-8165-263CFA8B5617}.Release|x86.Build.0 = Release|Any CPU
		{AE3A2469-649C-47AD-BD29-A1EAB9BEA52A}.Debug|Any CPU.ActiveCfg = Debug|Any CPU
		{AE3A2469-649C-47AD-BD29-A1EAB9BEA52A}.Debug|Any CPU.Build.0 = Debug|Any CPU
		{AE3A2469-649C-47AD-BD29-A1EAB9BEA52A}.Debug|x64.ActiveCfg = Debug|Any CPU
		{AE3A2469-649C-47AD-BD29-A1EAB9BEA52A}.Debug|x64.Build.0 = Debug|Any CPU
		{AE3A2469-649C-47AD-BD29-A1EAB9BEA52A}.Debug|x86.ActiveCfg = Debug|Any CPU
		{AE3A2469-649C-47AD-BD29-A1EAB9BEA52A}.Debug|x86.Build.0 = Debug|Any CPU
		{AE3A2469-649C-47AD-BD29-A1EAB9BEA52A}.Release|Any CPU.ActiveCfg = Release|Any CPU
		{AE3A2469-649C-47AD-BD29-A1EAB9BEA52A}.Release|Any CPU.Build.0 = Release|Any CPU
		{AE3A2469-649C-47AD-BD29-A1EAB9BEA52A}.Release|x64.ActiveCfg = Release|Any CPU
		{AE3A2469-649C-47AD-BD29-A1EAB9BEA52A}.Release|x64.Build.0 = Release|Any CPU
		{AE3A2469-649C-47AD-BD29-A1EAB9BEA52A}.Release|x86.ActiveCfg = Release|Any CPU
		{AE3A2469-649C-47AD-BD29-A1EAB9BEA52A}.Release|x86.Build.0 = Release|Any CPU
		{CC187ADD-615B-4F00-BCD3-3E7BEC1C39FD}.Debug|Any CPU.ActiveCfg = Debug|Any CPU
		{CC187ADD-615B-4F00-BCD3-3E7BEC1C39FD}.Debug|Any CPU.Build.0 = Debug|Any CPU
		{CC187ADD-615B-4F00-BCD3-3E7BEC1C39FD}.Debug|x64.ActiveCfg = Debug|Any CPU
		{CC187ADD-615B-4F00-BCD3-3E7BEC1C39FD}.Debug|x64.Build.0 = Debug|Any CPU
		{CC187ADD-615B-4F00-BCD3-3E7BEC1C39FD}.Debug|x86.ActiveCfg = Debug|Any CPU
		{CC187ADD-615B-4F00-BCD3-3E7BEC1C39FD}.Debug|x86.Build.0 = Debug|Any CPU
		{CC187ADD-615B-4F00-BCD3-3E7BEC1C39FD}.Release|Any CPU.ActiveCfg = Release|Any CPU
		{CC187ADD-615B-4F00-BCD3-3E7BEC1C39FD}.Release|Any CPU.Build.0 = Release|Any CPU
		{CC187ADD-615B-4F00-BCD3-3E7BEC1C39FD}.Release|x64.ActiveCfg = Release|Any CPU
		{CC187ADD-615B-4F00-BCD3-3E7BEC1C39FD}.Release|x64.Build.0 = Release|Any CPU
		{CC187ADD-615B-4F00-BCD3-3E7BEC1C39FD}.Release|x86.ActiveCfg = Release|Any CPU
		{CC187ADD-615B-4F00-BCD3-3E7BEC1C39FD}.Release|x86.Build.0 = Release|Any CPU
		{01B617F5-E7B9-4BE4-A1F4-23C83A2CE36B}.Debug|Any CPU.ActiveCfg = Debug|Any CPU
		{01B617F5-E7B9-4BE4-A1F4-23C83A2CE36B}.Debug|Any CPU.Build.0 = Debug|Any CPU
		{01B617F5-E7B9-4BE4-A1F4-23C83A2CE36B}.Debug|x64.ActiveCfg = Debug|Any CPU
		{01B617F5-E7B9-4BE4-A1F4-23C83A2CE36B}.Debug|x64.Build.0 = Debug|Any CPU
		{01B617F5-E7B9-4BE4-A1F4-23C83A2CE36B}.Debug|x86.ActiveCfg = Debug|Any CPU
		{01B617F5-E7B9-4BE4-A1F4-23C83A2CE36B}.Debug|x86.Build.0 = Debug|Any CPU
		{01B617F5-E7B9-4BE4-A1F4-23C83A2CE36B}.Release|Any CPU.ActiveCfg = Release|Any CPU
		{01B617F5-E7B9-4BE4-A1F4-23C83A2CE36B}.Release|Any CPU.Build.0 = Release|Any CPU
		{01B617F5-E7B9-4BE4-A1F4-23C83A2CE36B}.Release|x64.ActiveCfg = Release|Any CPU
		{01B617F5-E7B9-4BE4-A1F4-23C83A2CE36B}.Release|x64.Build.0 = Release|Any CPU
		{01B617F5-E7B9-4BE4-A1F4-23C83A2CE36B}.Release|x86.ActiveCfg = Release|Any CPU
		{01B617F5-E7B9-4BE4-A1F4-23C83A2CE36B}.Release|x86.Build.0 = Release|Any CPU
		{E9C10D27-CE26-4AF1-8038-275C3CC4E860}.Debug|Any CPU.ActiveCfg = Debug|Any CPU
		{E9C10D27-CE26-4AF1-8038-275C3CC4E860}.Debug|Any CPU.Build.0 = Debug|Any CPU
		{E9C10D27-CE26-4AF1-8038-275C3CC4E860}.Debug|x64.ActiveCfg = Debug|Any CPU
		{E9C10D27-CE26-4AF1-8038-275C3CC4E860}.Debug|x64.Build.0 = Debug|Any CPU
		{E9C10D27-CE26-4AF1-8038-275C3CC4E860}.Debug|x86.ActiveCfg = Debug|Any CPU
		{E9C10D27-CE26-4AF1-8038-275C3CC4E860}.Debug|x86.Build.0 = Debug|Any CPU
		{E9C10D27-CE26-4AF1-8038-275C3CC4E860}.Release|Any CPU.ActiveCfg = Release|Any CPU
		{E9C10D27-CE26-4AF1-8038-275C3CC4E860}.Release|Any CPU.Build.0 = Release|Any CPU
		{E9C10D27-CE26-4AF1-8038-275C3CC4E860}.Release|x64.ActiveCfg = Release|Any CPU
		{E9C10D27-CE26-4AF1-8038-275C3CC4E860}.Release|x64.Build.0 = Release|Any CPU
		{E9C10D27-CE26-4AF1-8038-275C3CC4E860}.Release|x86.ActiveCfg = Release|Any CPU
		{E9C10D27-CE26-4AF1-8038-275C3CC4E860}.Release|x86.Build.0 = Release|Any CPU
		{FB790DB6-02C9-43C8-892C-A4ABF6491F65}.Debug|Any CPU.ActiveCfg = Debug|Any CPU
		{FB790DB6-02C9-43C8-892C-A4ABF6491F65}.Debug|Any CPU.Build.0 = Debug|Any CPU
		{FB790DB6-02C9-43C8-892C-A4ABF6491F65}.Debug|x64.ActiveCfg = Debug|Any CPU
		{FB790DB6-02C9-43C8-892C-A4ABF6491F65}.Debug|x64.Build.0 = Debug|Any CPU
		{FB790DB6-02C9-43C8-892C-A4ABF6491F65}.Debug|x86.ActiveCfg = Debug|Any CPU
		{FB790DB6-02C9-43C8-892C-A4ABF6491F65}.Debug|x86.Build.0 = Debug|Any CPU
		{FB790DB6-02C9-43C8-892C-A4ABF6491F65}.Release|Any CPU.ActiveCfg = Release|Any CPU
		{FB790DB6-02C9-43C8-892C-A4ABF6491F65}.Release|Any CPU.Build.0 = Release|Any CPU
		{FB790DB6-02C9-43C8-892C-A4ABF6491F65}.Release|x64.ActiveCfg = Release|Any CPU
		{FB790DB6-02C9-43C8-892C-A4ABF6491F65}.Release|x64.Build.0 = Release|Any CPU
		{FB790DB6-02C9-43C8-892C-A4ABF6491F65}.Release|x86.ActiveCfg = Release|Any CPU
		{FB790DB6-02C9-43C8-892C-A4ABF6491F65}.Release|x86.Build.0 = Release|Any CPU
		{9C4743F4-8EBD-4462-B0A3-E85F9A3F5C50}.Debug|Any CPU.ActiveCfg = Debug|Any CPU
		{9C4743F4-8EBD-4462-B0A3-E85F9A3F5C50}.Debug|Any CPU.Build.0 = Debug|Any CPU
		{9C4743F4-8EBD-4462-B0A3-E85F9A3F5C50}.Debug|x64.ActiveCfg = Debug|Any CPU
		{9C4743F4-8EBD-4462-B0A3-E85F9A3F5C50}.Debug|x64.Build.0 = Debug|Any CPU
		{9C4743F4-8EBD-4462-B0A3-E85F9A3F5C50}.Debug|x86.ActiveCfg = Debug|Any CPU
		{9C4743F4-8EBD-4462-B0A3-E85F9A3F5C50}.Debug|x86.Build.0 = Debug|Any CPU
		{9C4743F4-8EBD-4462-B0A3-E85F9A3F5C50}.Release|Any CPU.ActiveCfg = Release|Any CPU
		{9C4743F4-8EBD-4462-B0A3-E85F9A3F5C50}.Release|Any CPU.Build.0 = Release|Any CPU
		{9C4743F4-8EBD-4462-B0A3-E85F9A3F5C50}.Release|x64.ActiveCfg = Release|Any CPU
		{9C4743F4-8EBD-4462-B0A3-E85F9A3F5C50}.Release|x64.Build.0 = Release|Any CPU
		{9C4743F4-8EBD-4462-B0A3-E85F9A3F5C50}.Release|x86.ActiveCfg = Release|Any CPU
		{9C4743F4-8EBD-4462-B0A3-E85F9A3F5C50}.Release|x86.Build.0 = Release|Any CPU
		{5C85EF10-86C6-4AEC-908A-A087FC4B01F3}.Debug|Any CPU.ActiveCfg = Debug|Any CPU
		{5C85EF10-86C6-4AEC-908A-A087FC4B01F3}.Debug|Any CPU.Build.0 = Debug|Any CPU
		{5C85EF10-86C6-4AEC-908A-A087FC4B01F3}.Debug|x64.ActiveCfg = Debug|Any CPU
		{5C85EF10-86C6-4AEC-908A-A087FC4B01F3}.Debug|x64.Build.0 = Debug|Any CPU
		{5C85EF10-86C6-4AEC-908A-A087FC4B01F3}.Debug|x86.ActiveCfg = Debug|Any CPU
		{5C85EF10-86C6-4AEC-908A-A087FC4B01F3}.Debug|x86.Build.0 = Debug|Any CPU
		{5C85EF10-86C6-4AEC-908A-A087FC4B01F3}.Release|Any CPU.ActiveCfg = Release|Any CPU
		{5C85EF10-86C6-4AEC-908A-A087FC4B01F3}.Release|Any CPU.Build.0 = Release|Any CPU
		{5C85EF10-86C6-4AEC-908A-A087FC4B01F3}.Release|x64.ActiveCfg = Release|Any CPU
		{5C85EF10-86C6-4AEC-908A-A087FC4B01F3}.Release|x64.Build.0 = Release|Any CPU
		{5C85EF10-86C6-4AEC-908A-A087FC4B01F3}.Release|x86.ActiveCfg = Release|Any CPU
		{5C85EF10-86C6-4AEC-908A-A087FC4B01F3}.Release|x86.Build.0 = Release|Any CPU
		{5DA02BE3-FDDA-440D-A515-5BA3ACFD52AB}.Debug|Any CPU.ActiveCfg = Debug|Any CPU
		{5DA02BE3-FDDA-440D-A515-5BA3ACFD52AB}.Debug|Any CPU.Build.0 = Debug|Any CPU
		{5DA02BE3-FDDA-440D-A515-5BA3ACFD52AB}.Debug|x64.ActiveCfg = Debug|Any CPU
		{5DA02BE3-FDDA-440D-A515-5BA3ACFD52AB}.Debug|x64.Build.0 = Debug|Any CPU
		{5DA02BE3-FDDA-440D-A515-5BA3ACFD52AB}.Debug|x86.ActiveCfg = Debug|Any CPU
		{5DA02BE3-FDDA-440D-A515-5BA3ACFD52AB}.Debug|x86.Build.0 = Debug|Any CPU
		{5DA02BE3-FDDA-440D-A515-5BA3ACFD52AB}.Release|Any CPU.ActiveCfg = Release|Any CPU
		{5DA02BE3-FDDA-440D-A515-5BA3ACFD52AB}.Release|Any CPU.Build.0 = Release|Any CPU
		{5DA02BE3-FDDA-440D-A515-5BA3ACFD52AB}.Release|x64.ActiveCfg = Release|Any CPU
		{5DA02BE3-FDDA-440D-A515-5BA3ACFD52AB}.Release|x64.Build.0 = Release|Any CPU
		{5DA02BE3-FDDA-440D-A515-5BA3ACFD52AB}.Release|x86.ActiveCfg = Release|Any CPU
		{5DA02BE3-FDDA-440D-A515-5BA3ACFD52AB}.Release|x86.Build.0 = Release|Any CPU
		{FAC07C87-6A40-485D-B527-55D600C793FA}.Debug|Any CPU.ActiveCfg = Debug|Any CPU
		{FAC07C87-6A40-485D-B527-55D600C793FA}.Debug|Any CPU.Build.0 = Debug|Any CPU
		{FAC07C87-6A40-485D-B527-55D600C793FA}.Debug|x64.ActiveCfg = Debug|Any CPU
		{FAC07C87-6A40-485D-B527-55D600C793FA}.Debug|x64.Build.0 = Debug|Any CPU
		{FAC07C87-6A40-485D-B527-55D600C793FA}.Debug|x86.ActiveCfg = Debug|Any CPU
		{FAC07C87-6A40-485D-B527-55D600C793FA}.Debug|x86.Build.0 = Debug|Any CPU
		{FAC07C87-6A40-485D-B527-55D600C793FA}.Release|Any CPU.ActiveCfg = Release|Any CPU
		{FAC07C87-6A40-485D-B527-55D600C793FA}.Release|Any CPU.Build.0 = Release|Any CPU
		{FAC07C87-6A40-485D-B527-55D600C793FA}.Release|x64.ActiveCfg = Release|Any CPU
		{FAC07C87-6A40-485D-B527-55D600C793FA}.Release|x64.Build.0 = Release|Any CPU
		{FAC07C87-6A40-485D-B527-55D600C793FA}.Release|x86.ActiveCfg = Release|Any CPU
		{FAC07C87-6A40-485D-B527-55D600C793FA}.Release|x86.Build.0 = Release|Any CPU
		{678C7BC2-511C-4069-ADC5-E675A8A4DB24}.Debug|Any CPU.ActiveCfg = Debug|Any CPU
		{678C7BC2-511C-4069-ADC5-E675A8A4DB24}.Debug|Any CPU.Build.0 = Debug|Any CPU
		{678C7BC2-511C-4069-ADC5-E675A8A4DB24}.Debug|x64.ActiveCfg = Debug|Any CPU
		{678C7BC2-511C-4069-ADC5-E675A8A4DB24}.Debug|x64.Build.0 = Debug|Any CPU
		{678C7BC2-511C-4069-ADC5-E675A8A4DB24}.Debug|x86.ActiveCfg = Debug|Any CPU
		{678C7BC2-511C-4069-ADC5-E675A8A4DB24}.Debug|x86.Build.0 = Debug|Any CPU
		{678C7BC2-511C-4069-ADC5-E675A8A4DB24}.Release|Any CPU.ActiveCfg = Release|Any CPU
		{678C7BC2-511C-4069-ADC5-E675A8A4DB24}.Release|Any CPU.Build.0 = Release|Any CPU
		{678C7BC2-511C-4069-ADC5-E675A8A4DB24}.Release|x64.ActiveCfg = Release|Any CPU
		{678C7BC2-511C-4069-ADC5-E675A8A4DB24}.Release|x64.Build.0 = Release|Any CPU
		{678C7BC2-511C-4069-ADC5-E675A8A4DB24}.Release|x86.ActiveCfg = Release|Any CPU
		{678C7BC2-511C-4069-ADC5-E675A8A4DB24}.Release|x86.Build.0 = Release|Any CPU
		{93D288C0-9070-42A1-843D-6223A0EB0CC7}.Debug|Any CPU.ActiveCfg = Debug|Any CPU
		{93D288C0-9070-42A1-843D-6223A0EB0CC7}.Debug|Any CPU.Build.0 = Debug|Any CPU
		{93D288C0-9070-42A1-843D-6223A0EB0CC7}.Debug|x64.ActiveCfg = Debug|Any CPU
		{93D288C0-9070-42A1-843D-6223A0EB0CC7}.Debug|x64.Build.0 = Debug|Any CPU
		{93D288C0-9070-42A1-843D-6223A0EB0CC7}.Debug|x86.ActiveCfg = Debug|Any CPU
		{93D288C0-9070-42A1-843D-6223A0EB0CC7}.Debug|x86.Build.0 = Debug|Any CPU
		{93D288C0-9070-42A1-843D-6223A0EB0CC7}.Release|Any CPU.ActiveCfg = Release|Any CPU
		{93D288C0-9070-42A1-843D-6223A0EB0CC7}.Release|Any CPU.Build.0 = Release|Any CPU
		{93D288C0-9070-42A1-843D-6223A0EB0CC7}.Release|x64.ActiveCfg = Release|Any CPU
		{93D288C0-9070-42A1-843D-6223A0EB0CC7}.Release|x64.Build.0 = Release|Any CPU
		{93D288C0-9070-42A1-843D-6223A0EB0CC7}.Release|x86.ActiveCfg = Release|Any CPU
		{93D288C0-9070-42A1-843D-6223A0EB0CC7}.Release|x86.Build.0 = Release|Any CPU
		{0F2DEBE4-6820-4F2E-B4BC-335CAD70655D}.Debug|Any CPU.ActiveCfg = Debug|Any CPU
		{0F2DEBE4-6820-4F2E-B4BC-335CAD70655D}.Debug|Any CPU.Build.0 = Debug|Any CPU
		{0F2DEBE4-6820-4F2E-B4BC-335CAD70655D}.Debug|x64.ActiveCfg = Debug|Any CPU
		{0F2DEBE4-6820-4F2E-B4BC-335CAD70655D}.Debug|x64.Build.0 = Debug|Any CPU
		{0F2DEBE4-6820-4F2E-B4BC-335CAD70655D}.Debug|x86.ActiveCfg = Debug|Any CPU
		{0F2DEBE4-6820-4F2E-B4BC-335CAD70655D}.Debug|x86.Build.0 = Debug|Any CPU
		{0F2DEBE4-6820-4F2E-B4BC-335CAD70655D}.Release|Any CPU.ActiveCfg = Release|Any CPU
		{0F2DEBE4-6820-4F2E-B4BC-335CAD70655D}.Release|Any CPU.Build.0 = Release|Any CPU
		{0F2DEBE4-6820-4F2E-B4BC-335CAD70655D}.Release|x64.ActiveCfg = Release|Any CPU
		{0F2DEBE4-6820-4F2E-B4BC-335CAD70655D}.Release|x64.Build.0 = Release|Any CPU
		{0F2DEBE4-6820-4F2E-B4BC-335CAD70655D}.Release|x86.ActiveCfg = Release|Any CPU
		{0F2DEBE4-6820-4F2E-B4BC-335CAD70655D}.Release|x86.Build.0 = Release|Any CPU
		{CC7800BE-9601-4170-B1FB-A145193E8370}.Debug|Any CPU.ActiveCfg = Debug|Any CPU
		{CC7800BE-9601-4170-B1FB-A145193E8370}.Debug|Any CPU.Build.0 = Debug|Any CPU
		{CC7800BE-9601-4170-B1FB-A145193E8370}.Debug|x64.ActiveCfg = Debug|Any CPU
		{CC7800BE-9601-4170-B1FB-A145193E8370}.Debug|x64.Build.0 = Debug|Any CPU
		{CC7800BE-9601-4170-B1FB-A145193E8370}.Debug|x86.ActiveCfg = Debug|Any CPU
		{CC7800BE-9601-4170-B1FB-A145193E8370}.Debug|x86.Build.0 = Debug|Any CPU
		{CC7800BE-9601-4170-B1FB-A145193E8370}.Release|Any CPU.ActiveCfg = Release|Any CPU
		{CC7800BE-9601-4170-B1FB-A145193E8370}.Release|Any CPU.Build.0 = Release|Any CPU
		{CC7800BE-9601-4170-B1FB-A145193E8370}.Release|x64.ActiveCfg = Release|Any CPU
		{CC7800BE-9601-4170-B1FB-A145193E8370}.Release|x64.Build.0 = Release|Any CPU
		{CC7800BE-9601-4170-B1FB-A145193E8370}.Release|x86.ActiveCfg = Release|Any CPU
		{CC7800BE-9601-4170-B1FB-A145193E8370}.Release|x86.Build.0 = Release|Any CPU
		{A590D665-7059-4CB2-B932-CECF60E836A0}.Debug|Any CPU.ActiveCfg = Debug|Any CPU
		{A590D665-7059-4CB2-B932-CECF60E836A0}.Debug|Any CPU.Build.0 = Debug|Any CPU
		{A590D665-7059-4CB2-B932-CECF60E836A0}.Debug|x64.ActiveCfg = Debug|Any CPU
		{A590D665-7059-4CB2-B932-CECF60E836A0}.Debug|x64.Build.0 = Debug|Any CPU
		{A590D665-7059-4CB2-B932-CECF60E836A0}.Debug|x86.ActiveCfg = Debug|Any CPU
		{A590D665-7059-4CB2-B932-CECF60E836A0}.Debug|x86.Build.0 = Debug|Any CPU
		{A590D665-7059-4CB2-B932-CECF60E836A0}.Release|Any CPU.ActiveCfg = Release|Any CPU
		{A590D665-7059-4CB2-B932-CECF60E836A0}.Release|Any CPU.Build.0 = Release|Any CPU
		{A590D665-7059-4CB2-B932-CECF60E836A0}.Release|x64.ActiveCfg = Release|Any CPU
		{A590D665-7059-4CB2-B932-CECF60E836A0}.Release|x64.Build.0 = Release|Any CPU
		{A590D665-7059-4CB2-B932-CECF60E836A0}.Release|x86.ActiveCfg = Release|Any CPU
		{A590D665-7059-4CB2-B932-CECF60E836A0}.Release|x86.Build.0 = Release|Any CPU
	EndGlobalSection
	GlobalSection(SolutionProperties) = preSolution
		HideSolutionNode = FALSE
	EndGlobalSection
	GlobalSection(NestedProjects) = preSolution
		{DCEE40C9-418B-E6E1-97E3-DFCAF961BF60} = {2C40E4B3-26A0-D5FB-46C7-38D52C11C5D6}
		{937F9574-87EC-2405-BB79-671EB99CF145} = {DCEE40C9-418B-E6E1-97E3-DFCAF961BF60}
		{678C7BC2-511C-4069-ADC5-E675A8A4DB24} = {937F9574-87EC-2405-BB79-671EB99CF145}
		{A2EF6961-48E1-A33F-0FF5-C819B80C93A2} = {DCEE40C9-418B-E6E1-97E3-DFCAF961BF60}
		{9D268667-53BF-55C9-AAA5-8AABDFDC9A53} = {A2EF6961-48E1-A33F-0FF5-C819B80C93A2}
		{93D288C0-9070-42A1-843D-6223A0EB0CC7} = {9D268667-53BF-55C9-AAA5-8AABDFDC9A53}
		{535C234A-74B6-7302-CA49-1236570AA88D} = {2C40E4B3-26A0-D5FB-46C7-38D52C11C5D6}
		{9BF0F522-4224-7957-2620-204715824C8B} = {535C234A-74B6-7302-CA49-1236570AA88D}
		{0F2DEBE4-6820-4F2E-B4BC-335CAD70655D} = {9BF0F522-4224-7957-2620-204715824C8B}
		{DB4FC9DB-4495-4C1D-865C-F12F832EB20A} = {535C234A-74B6-7302-CA49-1236570AA88D}
		{CC7800BE-9601-4170-B1FB-A145193E8370} = {DB4FC9DB-4495-4C1D-865C-F12F832EB20A}
		{A590D665-7059-4CB2-B932-CECF60E836A0} = {2C40E4B3-26A0-D5FB-46C7-38D52C11C5D6}
	EndGlobalSection
EndGlobal
