
Microsoft Visual Studio Solution File, Format Version 12.00
# Visual Studio Version 17
VisualStudioVersion = 17.0.31903.59
MinimumVisualStudioVersion = 10.0.40219.1
Project("{FAE04EC0-301F-11D3-BF4B-00C04F79EFBC}") = "guessthenumber", "guessthenumber\guessthenumber.csproj", "{41D6AA5F-DAB5-4486-8165-263CFA8B5617}"
EndProject
Project("{FAE04EC0-301F-11D3-BF4B-00C04F79EFBC}") = "helloworld", "helloworld\helloworld.csproj", "{AE3A2469-649C-47AD-BD29-A1EAB9BEA52A}"
EndProject
Project("{FAE04EC0-301F-11D3-BF4B-00C04F79EFBC}") = "foobar", "foobar\foobar.csproj", "{CC187ADD-615B-4F00-BCD3-3E7BEC1C39FD}"
EndProject
Project("{FAE04EC0-301F-11D3-BF4B-00C04F79EFBC}") = "TurnBasedBattle", "TurnBasedBattle\TurnBasedBattle.csproj", "{01B617F5-E7B9-4BE4-A1F4-23C83A2CE36B}"
EndProject
Project("{FAE04EC0-301F-11D3-BF4B-00C04F79EFBC}") = "checkEvenNumber", "checkEvenNumber\checkEvenNumber.csproj", "{E9C10D27-CE26-4AF1-8038-275C3CC4E860}"
EndProject
Global
	GlobalSection(SolutionConfigurationPlatforms) = preSolution
		Debug|Any CPU = Debug|Any CPU
		Debug|x64 = Debug|x64
		Debug|x86 = Debug|x86
		Release|Any CPU = Release|Any CPU
		Release|x64 = Release|x64
		Release|x86 = Release|x86
	EndGlobalSection
	GlobalSection(ProjectConfigurationPlatforms) = postSolution
		{41D6AA5F-DAB5-4486-8165-263CFA8B5617}.Debug|Any CPU.ActiveCfg = Debug|Any CPU
		{41D6AA5F-DAB5-4486-8165-263CFA8B5617}.Debug|Any CPU.Build.0 = Debug|Any CPU
		{41D6AA5F-DAB5-4486-8165-263CFA8B5617}.Debug|x64.ActiveCfg = Debug|Any CPU
		{41D6AA5F-DAB5-4486-8165-263CFA8B5617}.Debug|x64.Build.0 = Debug|Any CPU
		{41D6AA5F-DAB5-4486-8165-263CFA8B5617}.Debug|x86.ActiveCfg = Debug|Any CPU
		{41D6AA5F-DAB5-4486-8165-263CFA8B5617}.Debug|x86.Build.0 = Debug|Any CPU
		{41D6AA5F-DAB5-4486-8165-263CFA8B5617}.Release|Any CPU.ActiveCfg = Release|Any CPU
		{41D6AA5F-DAB5-4486-8165-263CFA8B5617}.Release|Any CPU.Build.0 = Release|Any CPU
		{41D6AA5F-DAB5-4486-8165-263CFA8B5617}.Release|x64.ActiveCfg = Release|Any CPU
		{41D6AA5F-DAB5-4486-8165-263CFA8B5617}.Release|x64.Build.0 = Release|Any CPU
		{41D6AA5F-DAB5-4486-8165-263CFA8B5617}.Release|x86.ActiveCfg = Release|Any CPU
		{41D6AA5F-DAB5-4486-8165-263CFA8B5617}.Release|x86.Build.0 = Release|Any CPU
		{AE3A2469-649C-47AD-BD29-A1EAB9BEA52A}.Debug|Any CPU.ActiveCfg = Debug|Any CPU
		{AE3A2469-649C-47AD-BD29-A1EAB9BEA52A}.Debug|Any CPU.Build.0 = Debug|Any CPU
		{AE3A2469-649C-47AD-BD29-A1EAB9BEA52A}.Debug|x64.ActiveCfg = Debug|Any CPU
		{AE3A2469-649C-47AD-BD29-A1EAB9BEA52A}.Debug|x64.Build.0 = Debug|Any CPU
		{AE3A2469-649C-47AD-BD29-A1EAB9BEA52A}.Debug|x86.ActiveCfg = Debug|Any CPU
		{AE3A2469-649C-47AD-BD29-A1EAB9BEA52A}.Debug|x86.Build.0 = Debug|Any CPU
		{AE3A2469-649C-47AD-BD29-A1EAB9BEA52A}.Release|Any CPU.ActiveCfg = Release|Any CPU
		{AE3A2469-649C-47AD-BD29-A1EAB9BEA52A}.Release|Any CPU.Build.0 = Release|Any CPU
		{AE3A2469-649C-47AD-BD29-A1EAB9BEA52A}.Release|x64.ActiveCfg = Release|Any CPU
		{AE3A2469-649C-47AD-BD29-A1EAB9BEA52A}.Release|x64.Build.0 = Release|Any CPU
		{AE3A2469-649C-47AD-BD29-A1EAB9BEA52A}.Release|x86.ActiveCfg = Release|Any CPU
		{AE3A2469-649C-47AD-BD29-A1EAB9BEA52A}.Release|x86.Build.0 = Release|Any CPU
		{CC187ADD-615B-4F00-BCD3-3E7BEC1C39FD}.Debug|Any CPU.ActiveCfg = Debug|Any CPU
		{CC187ADD-615B-4F00-BCD3-3E7BEC1C39FD}.Debug|Any CPU.Build.0 = Debug|Any CPU
		{CC187ADD-615B-4F00-BCD3-3E7BEC1C39FD}.Debug|x64.ActiveCfg = Debug|Any CPU
		{CC187ADD-615B-4F00-BCD3-3E7BEC1C39FD}.Debug|x64.Build.0 = Debug|Any CPU
		{CC187ADD-615B-4F00-BCD3-3E7BEC1C39FD}.Debug|x86.ActiveCfg = Debug|Any CPU
		{CC187ADD-615B-4F00-BCD3-3E7BEC1C39FD}.Debug|x86.Build.0 = Debug|Any CPU
		{CC187ADD-615B-4F00-BCD3-3E7BEC1C39FD}.Release|Any CPU.ActiveCfg = Release|Any CPU
		{CC187ADD-615B-4F00-BCD3-3E7BEC1C39FD}.Release|Any CPU.Build.0 = Release|Any CPU
		{CC187ADD-615B-4F00-BCD3-3E7BEC1C39FD}.Release|x64.ActiveCfg = Release|Any CPU
		{CC187ADD-615B-4F00-BCD3-3E7BEC1C39FD}.Release|x64.Build.0 = Release|Any CPU
		{CC187ADD-615B-4F00-BCD3-3E7BEC1C39FD}.Release|x86.ActiveCfg = Release|Any CPU
		{CC187ADD-615B-4F00-BCD3-3E7BEC1C39FD}.Release|x86.Build.0 = Release|Any CPU
		{01B617F5-E7B9-4BE4-A1F4-23C83A2CE36B}.Debug|Any CPU.ActiveCfg = Debug|Any CPU
		{01B617F5-E7B9-4BE4-A1F4-23C83A2CE36B}.Debug|Any CPU.Build.0 = Debug|Any CPU
		{01B617F5-E7B9-4BE4-A1F4-23C83A2CE36B}.Debug|x64.ActiveCfg = Debug|Any CPU
		{01B617F5-E7B9-4BE4-A1F4-23C83A2CE36B}.Debug|x64.Build.0 = Debug|Any CPU
		{01B617F5-E7B9-4BE4-A1F4-23C83A2CE36B}.Debug|x86.ActiveCfg = Debug|Any CPU
		{01B617F5-E7B9-4BE4-A1F4-23C83A2CE36B}.Debug|x86.Build.0 = Debug|Any CPU
		{01B617F5-E7B9-4BE4-A1F4-23C83A2CE36B}.Release|Any CPU.ActiveCfg = Release|Any CPU
		{01B617F5-E7B9-4BE4-A1F4-23C83A2CE36B}.Release|Any CPU.Build.0 = Release|Any CPU
		{01B617F5-E7B9-4BE4-A1F4-23C83A2CE36B}.Release|x64.ActiveCfg = Release|Any CPU
		{01B617F5-E7B9-4BE4-A1F4-23C83A2CE36B}.Release|x64.Build.0 = Release|Any CPU
		{01B617F5-E7B9-4BE4-A1F4-23C83A2CE36B}.Release|x86.ActiveCfg = Release|Any CPU
		{01B617F5-E7B9-4BE4-A1F4-23C83A2CE36B}.Release|x86.Build.0 = Release|Any CPU
		{E9C10D27-CE26-4AF1-8038-275C3CC4E860}.Debug|Any CPU.ActiveCfg = Debug|Any CPU
		{E9C10D27-CE26-4AF1-8038-275C3CC4E860}.Debug|Any CPU.Build.0 = Debug|Any CPU
		{E9C10D27-CE26-4AF1-8038-275C3CC4E860}.Debug|x64.ActiveCfg = Debug|Any CPU
		{E9C10D27-CE26-4AF1-8038-275C3CC4E860}.Debug|x64.Build.0 = Debug|Any CPU
		{E9C10D27-CE26-4AF1-8038-275C3CC4E860}.Debug|x86.ActiveCfg = Debug|Any CPU
		{E9C10D27-CE26-4AF1-8038-275C3CC4E860}.Debug|x86.Build.0 = Debug|Any CPU
		{E9C10D27-CE26-4AF1-8038-275C3CC4E860}.Release|Any CPU.ActiveCfg = Release|Any CPU
		{E9C10D27-CE26-4AF1-8038-275C3CC4E860}.Release|Any CPU.Build.0 = Release|Any CPU
		{E9C10D27-CE26-4AF1-8038-275C3CC4E860}.Release|x64.ActiveCfg = Release|Any CPU
		{E9C10D27-CE26-4AF1-8038-275C3CC4E860}.Release|x64.Build.0 = Release|Any CPU
		{E9C10D27-CE26-4AF1-8038-275C3CC4E860}.Release|x86.ActiveCfg = Release|Any CPU
		{E9C10D27-CE26-4AF1-8038-275C3CC4E860}.Release|x86.Build.0 = Release|Any CPU
	EndGlobalSection
	GlobalSection(SolutionProperties) = preSolution
		HideSolutionNode = FALSE
	EndGlobalSection
EndGlobal
